PODS:
  - boost-for-react-native (1.63.0)
  - BVLinearGradient (2.4.0):
    - React
  - Crashlytics (3.13.4):
    - Fabric (~> 1.10.2)
  - DoubleConversion (1.1.6)
  - Fabric (1.10.2)
  - Folly (2018.10.22.00):
    - boost-for-react-native
    - DoubleConversion
    - Folly/Default (= 2018.10.22.00)
    - glog
  - Folly/Default (2018.10.22.00):
    - boost-for-react-native
    - DoubleConversion
    - glog
  - glog (0.3.5)
  - React (0.60.4):
    - React-Core (= 0.60.4)
    - React-DevSupport (= 0.60.4)
    - React-RCTActionSheet (= 0.60.4)
    - React-RCTAnimation (= 0.60.4)
    - React-RCTBlob (= 0.60.4)
    - React-RCTImage (= 0.60.4)
    - React-RCTLinking (= 0.60.4)
    - React-RCTNetwork (= 0.60.4)
    - React-RCTSettings (= 0.60.4)
    - React-RCTText (= 0.60.4)
    - React-RCTVibration (= 0.60.4)
    - React-RCTWebSocket (= 0.60.4)
  - React-Core (0.60.4):
    - Folly (= 2018.10.22.00)
    - React-cxxreact (= 0.60.4)
    - React-jsiexecutor (= 0.60.4)
    - yoga (= 0.60.4.React)
  - React-cxxreact (0.60.4):
    - boost-for-react-native (= 1.63.0)
    - DoubleConversion
    - Folly (= 2018.10.22.00)
    - glog
    - React-jsinspector (= 0.60.4)
  - React-DevSupport (0.60.4):
    - React-Core (= 0.60.4)
    - React-RCTWebSocket (= 0.60.4)
  - React-fishhook (0.60.4)
  - React-jsi (0.60.4):
    - boost-for-react-native (= 1.63.0)
    - DoubleConversion
    - Folly (= 2018.10.22.00)
    - glog
    - React-jsi/Default (= 0.60.4)
  - React-jsi/Default (0.60.4):
    - boost-for-react-native (= 1.63.0)
    - DoubleConversion
    - Folly (= 2018.10.22.00)
    - glog
  - React-jsiexecutor (0.60.4):
    - DoubleConversion
    - Folly (= 2018.10.22.00)
    - glog
    - React-cxxreact (= 0.60.4)
    - React-jsi (= 0.60.4)
  - React-jsinspector (0.60.4)
  - react-native-cameraroll (1.1.1):
    - React
  - react-native-photo-view (1.5.2):
    - React
  - react-native-spinkit (1.0.2):
    - React
  - react-native-splash-screen (3.0.1):
    - React
  - React-RCTActionSheet (0.60.4):
    - React-Core (= 0.60.4)
  - React-RCTAnimation (0.60.4):
    - React-Core (= 0.60.4)
  - React-RCTBlob (0.60.4):
    - React-Core (= 0.60.4)
    - React-RCTNetwork (= 0.60.4)
    - React-RCTWebSocket (= 0.60.4)
  - React-RCTImage (0.60.4):
    - React-Core (= 0.60.4)
    - React-RCTNetwork (= 0.60.4)
  - React-RCTLinking (0.60.4):
    - React-Core (= 0.60.4)
  - React-RCTNetwork (0.60.4):
    - React-Core (= 0.60.4)
  - React-RCTSettings (0.60.4):
    - React-Core (= 0.60.4)
  - React-RCTText (0.60.4):
    - React-Core (= 0.60.4)
  - React-RCTVibration (0.60.4):
    - React-Core (= 0.60.4)
  - React-RCTWebSocket (0.60.4):
    - React-Core (= 0.60.4)
    - React-fishhook (= 0.60.4)
  - ReactNativeFabric (0.5.2):
    - Crashlytics
    - Fabric
    - React
  - ReactNativeLocalization (1.0.11):
    - React
  - rn-fetch-blob (0.10.16):
    - React-Core
  - RNDeviceInfo (0.21.5):
    - React
  - RNShare (1.1.3):
    - React
  - RNVectorIcons (4.4.2):
    - React
  - RNZipArchive (2.2.6):
    - React
    - RNZipArchive/Core (= 2.2.6)
    - RNZipArchive/RNZASSZipArchive (= 2.2.6)
  - RNZipArchive/Core (2.2.6):
    - React
  - RNZipArchive/RNZASSZipArchive (2.2.6):
    - React
  - yoga (0.60.4.React)

DEPENDENCIES:
  - BVLinearGradient (from `../node_modules/react-native-linear-gradient`)
  - Crashlytics
  - DoubleConversion (from `../node_modules/react-native/third-party-podspecs/DoubleConversion.podspec`)
  - Fabric
  - Folly (from `../node_modules/react-native/third-party-podspecs/Folly.podspec`)
  - glog (from `../node_modules/react-native/third-party-podspecs/glog.podspec`)
  - React (from `../node_modules/react-native/`)
  - React-Core (from `../node_modules/react-native/React`)
  - React-cxxreact (from `../node_modules/react-native/ReactCommon/cxxreact`)
  - React-DevSupport (from `../node_modules/react-native/React`)
  - React-fishhook (from `../node_modules/react-native/Libraries/fishhook`)
  - React-jsi (from `../node_modules/react-native/ReactCommon/jsi`)
  - React-jsiexecutor (from `../node_modules/react-native/ReactCommon/jsiexecutor`)
  - React-jsinspector (from `../node_modules/react-native/ReactCommon/jsinspector`)
  - "react-native-cameraroll (from `../node_modules/@react-native-community/cameraroll`)"
  - react-native-photo-view (from `../node_modules/react-native-photo-view`)
  - react-native-spinkit (from `../node_modules/react-native-spinkit`)
  - react-native-splash-screen (from `../node_modules/react-native-splash-screen`)
  - React-RCTActionSheet (from `../node_modules/react-native/Libraries/ActionSheetIOS`)
  - React-RCTAnimation (from `../node_modules/react-native/Libraries/NativeAnimation`)
  - React-RCTBlob (from `../node_modules/react-native/Libraries/Blob`)
  - React-RCTImage (from `../node_modules/react-native/Libraries/Image`)
  - React-RCTLinking (from `../node_modules/react-native/Libraries/LinkingIOS`)
  - React-RCTNetwork (from `../node_modules/react-native/Libraries/Network`)
  - React-RCTSettings (from `../node_modules/react-native/Libraries/Settings`)
  - React-RCTText (from `../node_modules/react-native/Libraries/Text`)
  - React-RCTVibration (from `../node_modules/react-native/Libraries/Vibration`)
  - React-RCTWebSocket (from `../node_modules/react-native/Libraries/WebSocket`)
  - ReactNativeFabric (from `../node_modules/react-native-fabric`)
  - ReactNativeLocalization (from `../node_modules/react-native-localization`)
  - rn-fetch-blob (from `../node_modules/rn-fetch-blob`)
  - RNDeviceInfo (from `../node_modules/react-native-device-info`)
  - RNShare (from `../node_modules/react-native-share`)
  - RNVectorIcons (from `../node_modules/react-native-vector-icons`)
  - RNZipArchive (from `../node_modules/react-native-zip-archive`)
  - yoga (from `../node_modules/react-native/ReactCommon/yoga`)

SPEC REPOS:
  https://github.com/cocoapods/specs.git:
    - boost-for-react-native
    - Crashlytics
    - Fabric

EXTERNAL SOURCES:
  BVLinearGradient:
    :path: "../node_modules/react-native-linear-gradient"
  DoubleConversion:
    :podspec: "../node_modules/react-native/third-party-podspecs/DoubleConversion.podspec"
  Folly:
    :podspec: "../node_modules/react-native/third-party-podspecs/Folly.podspec"
  glog:
    :podspec: "../node_modules/react-native/third-party-podspecs/glog.podspec"
  React:
    :path: "../node_modules/react-native/"
  React-Core:
    :path: "../node_modules/react-native/React"
  React-cxxreact:
    :path: "../node_modules/react-native/ReactCommon/cxxreact"
  React-DevSupport:
    :path: "../node_modules/react-native/React"
  React-fishhook:
    :path: "../node_modules/react-native/Libraries/fishhook"
  React-jsi:
    :path: "../node_modules/react-native/ReactCommon/jsi"
  React-jsiexecutor:
    :path: "../node_modules/react-native/ReactCommon/jsiexecutor"
  React-jsinspector:
    :path: "../node_modules/react-native/ReactCommon/jsinspector"
  react-native-cameraroll:
    :path: "../node_modules/@react-native-community/cameraroll"
  react-native-photo-view:
    :path: "../node_modules/react-native-photo-view"
  react-native-spinkit:
    :path: "../node_modules/react-native-spinkit"
  react-native-splash-screen:
    :path: "../node_modules/react-native-splash-screen"
  React-RCTActionSheet:
    :path: "../node_modules/react-native/Libraries/ActionSheetIOS"
  React-RCTAnimation:
    :path: "../node_modules/react-native/Libraries/NativeAnimation"
  React-RCTBlob:
    :path: "../node_modules/react-native/Libraries/Blob"
  React-RCTImage:
    :path: "../node_modules/react-native/Libraries/Image"
  React-RCTLinking:
    :path: "../node_modules/react-native/Libraries/LinkingIOS"
  React-RCTNetwork:
    :path: "../node_modules/react-native/Libraries/Network"
  React-RCTSettings:
    :path: "../node_modules/react-native/Libraries/Settings"
  React-RCTText:
    :path: "../node_modules/react-native/Libraries/Text"
  React-RCTVibration:
    :path: "../node_modules/react-native/Libraries/Vibration"
  React-RCTWebSocket:
    :path: "../node_modules/react-native/Libraries/WebSocket"
  ReactNativeFabric:
    :path: "../node_modules/react-native-fabric"
  ReactNativeLocalization:
    :path: "../node_modules/react-native-localization"
  rn-fetch-blob:
    :path: "../node_modules/rn-fetch-blob"
  RNDeviceInfo:
    :path: "../node_modules/react-native-device-info"
  RNShare:
    :path: "../node_modules/react-native-share"
  RNVectorIcons:
    :path: "../node_modules/react-native-vector-icons"
  RNZipArchive:
    :path: "../node_modules/react-native-zip-archive"
  yoga:
    :path: "../node_modules/react-native/ReactCommon/yoga"

SPEC CHECKSUMS:
  boost-for-react-native: 39c7adb57c4e60d6c5479dd8623128eb5b3f0f2c
  BVLinearGradient: 8913bd8fdc47b85abc801ae8bae007bbfb6b4ce5
  Crashlytics: 2dfd686bcb918dc10ee0e76f7f853fe42c7bd552
  DoubleConversion: 5805e889d232975c086db112ece9ed034df7a0b2
  Fabric: 706c8b8098fff96c33c0db69cbf81f9c551d0d74
  Folly: 30e7936e1c45c08d884aa59369ed951a8e68cf51
  glog: 1f3da668190260b06b429bb211bfbee5cd790c28
  React: ff7ee2ae5ee1c1d9ae2183b4111045b25294bb01
  React-Core: 8e0ea421cae5609d2562850f98421b15030476fa
  React-cxxreact: 326880209990151a7182a813311054e9772ba510
  React-DevSupport: e9f10e6721e78e87622fc985db695c0c0168db8a
  React-fishhook: 1f0e5b08449403fa75c3fb3881a0beefbada14af
  React-jsi: 21d3153b1153fbf6510a92b6b11e33e725cb7432
  React-jsiexecutor: 7549641e48bafae7bfee3f3ea19bf4901639c5de
  React-jsinspector: 73f24a02fa684ed6a2b828ba116874a2191ded88
  react-native-cameraroll: c5598e8ae3d9b3cb717bf7c696e20707ff61c6ae
  react-native-photo-view: 63e9e61da873531f931008b545d8d10c5373ddf8
  react-native-spinkit: 9a5d2f95aa975d5660fd3e76b7eac38e7329e46c
  react-native-splash-screen: 03b4972da0957cced974ebea677916b7725218b1
  React-RCTActionSheet: 9f71d7ae3e8fb10e08d162cbf14c621349dbfab3
  React-RCTAnimation: 981d8c95b0e30918a9832ccac32af83562a27fae
  React-RCTBlob: 21e73d1020a302a75fed30dbaee9f15287b80baa
  React-RCTImage: c0bc6ac0926517b6fb7e4c279b04843113e99d1d
  React-RCTLinking: 1af3f3c59114bed3deec0107c62e7efad0932ee5
  React-RCTNetwork: 35df9de46e19cda5c56380be1a7759b9b8cb2fcd
  React-RCTSettings: f580504c2cd1f44e25add10fb9ed3954f67f8ac5
  React-RCTText: e0f224898b13af9aa036ea7cb3d438daa68c1044
  React-RCTVibration: 0bea40cd51bd089bd591a8f74c86e91fdf2666c5
  React-RCTWebSocket: 163873f4cdd5f1058a9483443404fc3801581cb6
  ReactNativeFabric: d05320ff347d5c72567c115b97edeead111ac4d2
  ReactNativeLocalization: 47a9424b4cdd909656f7224a0b9a4d20c71d0459
  rn-fetch-blob: 651b8d076b43d0d7aa294a3d9ec16c00aab8bef9
  RNDeviceInfo: e7c5fcde13d40e161d8a27f6c5dc69c638936002
  RNShare: 4f206fa36e384e95a0cbf79f2a92490647e93127
  RNVectorIcons: c1821d56c775cc5a3bca66c77dfc8cb4a90d27e2
  RNZipArchive: cf189e1d064dc8c0daebd90857de747212ee6d65
  yoga: c2c050f6ae6e222534760cc82f559b89214b67e2

PODFILE CHECKSUM: 6cb57f5ecf4f3a8409c3e4d7f958442b8b6b1136

COCOAPODS: 1.7.5
